
Microsoft Visual Studio Solution File, Format Version 12.00
# Visual Studio Version 16
VisualStudioVersion = 16.0.30517.126
MinimumVisualStudioVersion = 10.0.40219.1
Project("{FAE04EC0-301F-11D3-BF4B-00C04F79EFBC}") = "drysdale-string-manipulation", "drysdale-string-manipulation\drysdale-string-manipulation.csproj", "{1550466A-A3E4-485F-B27F-724B79DACBC4}"
EndProject
Global
	GlobalSection(SolutionConfigurationPlatforms) = preSolution
		Debug|Any CPU = Debug|Any CPU
		Release|Any CPU = Release|Any CPU
	EndGlobalSection
	GlobalSection(ProjectConfigurationPlatforms) = postSolution
		{1550466A-A3E4-485F-B27F-724B79DACBC4}.Debug|Any CPU.ActiveCfg = Debug|Any CPU
		{1550466A-A3E4-485F-B27F-724B79DACBC4}.Debug|Any CPU.Build.0 = Debug|Any CPU
		{1550466A-A3E4-485F-B27F-724B79DACBC4}.Release|Any CPU.ActiveCfg = Release|Any CPU
		{1550466A-A3E4-485F-B27F-724B79DACBC4}.Release|Any CPU.Build.0 = Release|Any CPU
	EndGlobalSection
	GlobalSection(SolutionProperties) = preSolution
		HideSolutionNode = FALSE
	EndGlobalSection
	GlobalSection(ExtensibilityGlobals) = postSolution
		SolutionGuid = {018FEBBC-8FE8-481E-917A-7497364D6F68}
	EndGlobalSection
EndGlobal
